
Microsoft Visual Studio Solution File, Format Version 12.00
# Visual Studio Version 17
VisualStudioVersion = 17.5.2.0
MinimumVisualStudioVersion = 10.0.40219.1
Project("{FAE04EC0-301F-11D3-BF4B-00C04F79EFBC}") = "Boolk", "Boolk.csproj", "{F89AF21F-03E2-7814-3470-07681863FC62}"
EndProject
Project("{FAE04EC0-301F-11D3-BF4B-00C04F79EFBC}") = "Boolk.Tests", "Boolk.Tests\Boolk.Tests.csproj", "{0F21953D-7544-4301-BE22-658C25D6C95C}"
EndProject
Project("{2150E333-8FDC-42A3-9474-1A3956D46DE8}") = "src", "src", "{827E0CD3-B72D-47B6-A68D-7590B98EB39B}"
EndProject
Project("{FAE04EC0-301F-11D3-BF4B-00C04F79EFBC}") = "Boolk.Domain", "src\Boolk.Domain\Boolk.Domain.csproj", "{7E825090-ED44-4F85-B39A-BC5A138EC5EE}"
EndProject
Project("{FAE04EC0-301F-11D3-BF4B-00C04F79EFBC}") = "Boolk.Application", "src\Boolk.Application\Boolk.Application.csproj", "{353E8475-C6F6-4CF3-8A05-CC6EF494AE89}"
EndProject
Project("{FAE04EC0-301F-11D3-BF4B-00C04F79EFBC}") = "Boolk.Infrastructure", "src\Boolk.Infrastructure\Boolk.Infrastructure.csproj", "{477B5BDC-6DCC-4F4B-BA53-BABE2B09FE84}"
EndProject
Project("{FAE04EC0-301F-11D3-BF4B-00C04F79EFBC}") = "Boolk.API", "src\Boolk.API\Boolk.API.csproj", "{B7158787-D986-4C25-9281-5515C6A95CA9}"
EndProject
Project("{FAE04EC0-301F-11D3-BF4B-00C04F79EFBC}") = "Boolk.Client", "src\Boolk.Client\Boolk.Client.csproj", "{552650C0-204B-4AFA-894B-3B2976EA9063}"
EndProject
Global
	GlobalSection(SolutionConfigurationPlatforms) = preSolution
		Debug|Any CPU = Debug|Any CPU
		Debug|x64 = Debug|x64
		Debug|x86 = Debug|x86
		Release|Any CPU = Release|Any CPU
		Release|x64 = Release|x64
		Release|x86 = Release|x86
	EndGlobalSection
	GlobalSection(ProjectConfigurationPlatforms) = postSolution
		{F89AF21F-03E2-7814-3470-07681863FC62}.Debug|Any CPU.ActiveCfg = Debug|Any CPU
		{F89AF21F-03E2-7814-3470-07681863FC62}.Debug|Any CPU.Build.0 = Debug|Any CPU
		{F89AF21F-03E2-7814-3470-07681863FC62}.Debug|x64.ActiveCfg = Debug|Any CPU
		{F89AF21F-03E2-7814-3470-07681863FC62}.Debug|x64.Build.0 = Debug|Any CPU
		{F89AF21F-03E2-7814-3470-07681863FC62}.Debug|x86.ActiveCfg = Debug|Any CPU
		{F89AF21F-03E2-7814-3470-07681863FC62}.Debug|x86.Build.0 = Debug|Any CPU
		{F89AF21F-03E2-7814-3470-07681863FC62}.Release|Any CPU.ActiveCfg = Release|Any CPU
		{F89AF21F-03E2-7814-3470-07681863FC62}.Release|Any CPU.Build.0 = Release|Any CPU
		{F89AF21F-03E2-7814-3470-07681863FC62}.Release|x64.ActiveCfg = Release|Any CPU
		{F89AF21F-03E2-7814-3470-07681863FC62}.Release|x64.Build.0 = Release|Any CPU
		{F89AF21F-03E2-7814-3470-07681863FC62}.Release|x86.ActiveCfg = Release|Any CPU
		{F89AF21F-03E2-7814-3470-07681863FC62}.Release|x86.Build.0 = Release|Any CPU
		{0F21953D-7544-4301-BE22-658C25D6C95C}.Debug|Any CPU.ActiveCfg = Debug|Any CPU
		{0F21953D-7544-4301-BE22-658C25D6C95C}.Debug|Any CPU.Build.0 = Debug|Any CPU
		{0F21953D-7544-4301-BE22-658C25D6C95C}.Debug|x64.ActiveCfg = Debug|Any CPU
		{0F21953D-7544-4301-BE22-658C25D6C95C}.Debug|x64.Build.0 = Debug|Any CPU
		{0F21953D-7544-4301-BE22-658C25D6C95C}.Debug|x86.ActiveCfg = Debug|Any CPU
		{0F21953D-7544-4301-BE22-658C25D6C95C}.Debug|x86.Build.0 = Debug|Any CPU
		{0F21953D-7544-4301-BE22-658C25D6C95C}.Release|Any CPU.ActiveCfg = Release|Any CPU
		{0F21953D-7544-4301-BE22-658C25D6C95C}.Release|Any CPU.Build.0 = Release|Any CPU
		{0F21953D-7544-4301-BE22-658C25D6C95C}.Release|x64.ActiveCfg = Release|Any CPU
		{0F21953D-7544-4301-BE22-658C25D6C95C}.Release|x64.Build.0 = Release|Any CPU
		{0F21953D-7544-4301-BE22-658C25D6C95C}.Release|x86.ActiveCfg = Release|Any CPU
		{0F21953D-7544-4301-BE22-658C25D6C95C}.Release|x86.Build.0 = Release|Any CPU
		{7E825090-ED44-4F85-B39A-BC5A138EC5EE}.Debug|Any CPU.ActiveCfg = Debug|Any CPU
		{7E825090-ED44-4F85-B39A-BC5A138EC5EE}.Debug|Any CPU.Build.0 = Debug|Any CPU
		{7E825090-ED44-4F85-B39A-BC5A138EC5EE}.Debug|x64.ActiveCfg = Debug|Any CPU
		{7E825090-ED44-4F85-B39A-BC5A138EC5EE}.Debug|x64.Build.0 = Debug|Any CPU
		{7E825090-ED44-4F85-B39A-BC5A138EC5EE}.Debug|x86.ActiveCfg = Debug|Any CPU
		{7E825090-ED44-4F85-B39A-BC5A138EC5EE}.Debug|x86.Build.0 = Debug|Any CPU
		{7E825090-ED44-4F85-B39A-BC5A138EC5EE}.Release|Any CPU.ActiveCfg = Release|Any CPU
		{7E825090-ED44-4F85-B39A-BC5A138EC5EE}.Release|Any CPU.Build.0 = Release|Any CPU
		{7E825090-ED44-4F85-B39A-BC5A138EC5EE}.Release|x64.ActiveCfg = Release|Any CPU
		{7E825090-ED44-4F85-B39A-BC5A138EC5EE}.Release|x64.Build.0 = Release|Any CPU
		{7E825090-ED44-4F85-B39A-BC5A138EC5EE}.Release|x86.ActiveCfg = Release|Any CPU
		{7E825090-ED44-4F85-B39A-BC5A138EC5EE}.Release|x86.Build.0 = Release|Any CPU
		{353E8475-C6F6-4CF3-8A05-CC6EF494AE89}.Debug|Any CPU.ActiveCfg = Debug|Any CPU
		{353E8475-C6F6-4CF3-8A05-CC6EF494AE89}.Debug|Any CPU.Build.0 = Debug|Any CPU
		{353E8475-C6F6-4CF3-8A05-CC6EF494AE89}.Debug|x64.ActiveCfg = Debug|Any CPU
		{353E8475-C6F6-4CF3-8A05-CC6EF494AE89}.Debug|x64.Build.0 = Debug|Any CPU
		{353E8475-C6F6-4CF3-8A05-CC6EF494AE89}.Debug|x86.ActiveCfg = Debug|Any CPU
		{353E8475-C6F6-4CF3-8A05-CC6EF494AE89}.Debug|x86.Build.0 = Debug|Any CPU
		{353E8475-C6F6-4CF3-8A05-CC6EF494AE89}.Release|Any CPU.ActiveCfg = Release|Any CPU
		{353E8475-C6F6-4CF3-8A05-CC6EF494AE89}.Release|Any CPU.Build.0 = Release|Any CPU
		{353E8475-C6F6-4CF3-8A05-CC6EF494AE89}.Release|x64.ActiveCfg = Release|Any CPU
		{353E8475-C6F6-4CF3-8A05-CC6EF494AE89}.Release|x64.Build.0 = Release|Any CPU
		{353E8475-C6F6-4CF3-8A05-CC6EF494AE89}.Release|x86.ActiveCfg = Release|Any CPU
		{353E8475-C6F6-4CF3-8A05-CC6EF494AE89}.Release|x86.Build.0 = Release|Any CPU
		{477B5BDC-6DCC-4F4B-BA53-BABE2B09FE84}.Debug|Any CPU.ActiveCfg = Debug|Any CPU
		{477B5BDC-6DCC-4F4B-BA53-BABE2B09FE84}.Debug|Any CPU.Build.0 = Debug|Any CPU
		{477B5BDC-6DCC-4F4B-BA53-BABE2B09FE84}.Debug|x64.ActiveCfg = Debug|Any CPU
		{477B5BDC-6DCC-4F4B-BA53-BABE2B09FE84}.Debug|x64.Build.0 = Debug|Any CPU
		{477B5BDC-6DCC-4F4B-BA53-BABE2B09FE84}.Debug|x86.ActiveCfg = Debug|Any CPU
		{477B5BDC-6DCC-4F4B-BA53-BABE2B09FE84}.Debug|x86.Build.0 = Debug|Any CPU
		{477B5BDC-6DCC-4F4B-BA53-BABE2B09FE84}.Release|Any CPU.ActiveCfg = Release|Any CPU
		{477B5BDC-6DCC-4F4B-BA53-BABE2B09FE84}.Release|Any CPU.Build.0 = Release|Any CPU
		{477B5BDC-6DCC-4F4B-BA53-BABE2B09FE84}.Release|x64.ActiveCfg = Release|Any CPU
		{477B5BDC-6DCC-4F4B-BA53-BABE2B09FE84}.Release|x64.Build.0 = Release|Any CPU
		{477B5BDC-6DCC-4F4B-BA53-BABE2B09FE84}.Release|x86.ActiveCfg = Release|Any CPU
		{477B5BDC-6DCC-4F4B-BA53-BABE2B09FE84}.Release|x86.Build.0 = Release|Any CPU
		{B7158787-D986-4C25-9281-5515C6A95CA9}.Debug|Any CPU.ActiveCfg = Debug|Any CPU
		{B7158787-D986-4C25-9281-5515C6A95CA9}.Debug|Any CPU.Build.0 = Debug|Any CPU
		{B7158787-D986-4C25-9281-5515C6A95CA9}.Debug|x64.ActiveCfg = Debug|Any CPU
		{B7158787-D986-4C25-9281-5515C6A95CA9}.Debug|x64.Build.0 = Debug|Any CPU
		{B7158787-D986-4C25-9281-5515C6A95CA9}.Debug|x86.ActiveCfg = Debug|Any CPU
		{B7158787-D986-4C25-9281-5515C6A95CA9}.Debug|x86.Build.0 = Debug|Any CPU
		{B7158787-D986-4C25-9281-5515C6A95CA9}.Release|Any CPU.ActiveCfg = Release|Any CPU
		{B7158787-D986-4C25-9281-5515C6A95CA9}.Release|Any CPU.Build.0 = Release|Any CPU
		{B7158787-D986-4C25-9281-5515C6A95CA9}.Release|x64.ActiveCfg = Release|Any CPU
		{B7158787-D986-4C25-9281-5515C6A95CA9}.Release|x64.Build.0 = Release|Any CPU
		{B7158787-D986-4C25-9281-5515C6A95CA9}.Release|x86.ActiveCfg = Release|Any CPU
		{B7158787-D986-4C25-9281-5515C6A95CA9}.Release|x86.Build.0 = Release|Any CPU
		{552650C0-204B-4AFA-894B-3B2976EA9063}.Debug|Any CPU.ActiveCfg = Debug|Any CPU
		{552650C0-204B-4AFA-894B-3B2976EA9063}.Debug|Any CPU.Build.0 = Debug|Any CPU
		{552650C0-204B-4AFA-894B-3B2976EA9063}.Debug|x64.ActiveCfg = Debug|Any CPU
		{552650C0-204B-4AFA-894B-3B2976EA9063}.Debug|x64.Build.0 = Debug|Any CPU
		{552650C0-204B-4AFA-894B-3B2976EA9063}.Debug|x86.ActiveCfg = Debug|Any CPU
		{552650C0-204B-4AFA-894B-3B2976EA9063}.Debug|x86.Build.0 = Debug|Any CPU
		{552650C0-204B-4AFA-894B-3B2976EA9063}.Release|Any CPU.ActiveCfg = Release|Any CPU
		{552650C0-204B-4AFA-894B-3B2976EA9063}.Release|Any CPU.Build.0 = Release|Any CPU
		{552650C0-204B-4AFA-894B-3B2976EA9063}.Release|x64.ActiveCfg = Release|Any CPU
		{552650C0-204B-4AFA-894B-3B2976EA9063}.Release|x64.Build.0 = Release|Any CPU
		{552650C0-204B-4AFA-894B-3B2976EA9063}.Release|x86.ActiveCfg = Release|Any CPU
		{552650C0-204B-4AFA-894B-3B2976EA9063}.Release|x86.Build.0 = Release|Any CPU
	EndGlobalSection
	GlobalSection(SolutionProperties) = preSolution
		HideSolutionNode = FALSE
	EndGlobalSection
	GlobalSection(NestedProjects) = preSolution
		{7E825090-ED44-4F85-B39A-BC5A138EC5EE} = {827E0CD3-B72D-47B6-A68D-7590B98EB39B}
		{353E8475-C6F6-4CF3-8A05-CC6EF494AE89} = {827E0CD3-B72D-47B6-A68D-7590B98EB39B}
		{477B5BDC-6DCC-4F4B-BA53-BABE2B09FE84} = {827E0CD3-B72D-47B6-A68D-7590B98EB39B}
		{B7158787-D986-4C25-9281-5515C6A95CA9} = {827E0CD3-B72D-47B6-A68D-7590B98EB39B}
		{552650C0-204B-4AFA-894B-3B2976EA9063} = {827E0CD3-B72D-47B6-A68D-7590B98EB39B}
	EndGlobalSection
	GlobalSection(ExtensibilityGlobals) = postSolution
		SolutionGuid = {3A80D50F-6F74-4D7B-A6F2-47D150ECC833}
	EndGlobalSection
EndGlobal
